
Microsoft Visual Studio Solution File, Format Version 12.00
# Visual Studio Version 16
VisualStudioVersion = 16.0.31205.134
MinimumVisualStudioVersion = 10.0.40219.1
Project("{FAE04EC0-301F-11D3-BF4B-00C04F79EFBC}") = "DemonersClientSimulator.Server", "DemonersClientSimulator\Server\DemonersClientSimulator.Server.csproj", "{AB118CFB-BDE4-4D61-93AF-72F449B3365F}"
EndProject
Project("{FAE04EC0-301F-11D3-BF4B-00C04F79EFBC}") = "DemonersClientSimulator.Client", "DemonersClientSimulator\Client\DemonersClientSimulator.Client.csproj", "{028A3997-3B13-4296-811C-8D8220496DD2}"
EndProject
Project("{FAE04EC0-301F-11D3-BF4B-00C04F79EFBC}") = "DemonersClientSimulator.Shared", "DemonersClientSimulator\Shared\DemonersClientSimulator.Shared.csproj", "{021B32F9-C865-4A57-B30F-5C507E900BC9}"
EndProject
Global
	GlobalSection(SolutionConfigurationPlatforms) = preSolution
		Debug|Any CPU = Debug|Any CPU
		Release|Any CPU = Release|Any CPU
	EndGlobalSection
	GlobalSection(ProjectConfigurationPlatforms) = postSolution
		{AB118CFB-BDE4-4D61-93AF-72F449B3365F}.Debug|Any CPU.ActiveCfg = Debug|Any CPU
		{AB118CFB-BDE4-4D61-93AF-72F449B3365F}.Debug|Any CPU.Build.0 = Debug|Any CPU
		{AB118CFB-BDE4-4D61-93AF-72F449B3365F}.Release|Any CPU.ActiveCfg = Release|Any CPU
		{AB118CFB-BDE4-4D61-93AF-72F449B3365F}.Release|Any CPU.Build.0 = Release|Any CPU
		{028A3997-3B13-4296-811C-8D8220496DD2}.Debug|Any CPU.ActiveCfg = Debug|Any CPU
		{028A3997-3B13-4296-811C-8D8220496DD2}.Debug|Any CPU.Build.0 = Debug|Any CPU
		{028A3997-3B13-4296-811C-8D8220496DD2}.Release|Any CPU.ActiveCfg = Release|Any CPU
		{028A3997-3B13-4296-811C-8D8220496DD2}.Release|Any CPU.Build.0 = Release|Any CPU
		{021B32F9-C865-4A57-B30F-5C507E900BC9}.Debug|Any CPU.ActiveCfg = Debug|Any CPU
		{021B32F9-C865-4A57-B30F-5C507E900BC9}.Debug|Any CPU.Build.0 = Debug|Any CPU
		{021B32F9-C865-4A57-B30F-5C507E900BC9}.Release|Any CPU.ActiveCfg = Release|Any CPU
		{021B32F9-C865-4A57-B30F-5C507E900BC9}.Release|Any CPU.Build.0 = Release|Any CPU
	EndGlobalSection
	GlobalSection(SolutionProperties) = preSolution
		HideSolutionNode = FALSE
	EndGlobalSection
	GlobalSection(ExtensibilityGlobals) = postSolution
		SolutionGuid = {403038B5-9AEA-4A4C-A724-F6B78784C003}
	EndGlobalSection
EndGlobal
